
Microsoft Visual Studio Solution File, Format Version 12.00
# Visual Studio Version 17
VisualStudioVersion = 17.2.32519.379
MinimumVisualStudioVersion = 10.0.40219.1
Project("{9A19103F-16F7-4668-BE54-9A1E7A4F7556}") = "FallingRocks", "FallingRocks.csproj", "{7668B4D4-E312-477A-B5D8-A97647655FED}"
EndProject
Global
	GlobalSection(SolutionConfigurationPlatforms) = preSolution
		Debug|Any CPU = Debug|Any CPU
		Release|Any CPU = Release|Any CPU
	EndGlobalSection
	GlobalSection(ProjectConfigurationPlatforms) = postSolution
		{7668B4D4-E312-477A-B5D8-A97647655FED}.Debug|Any CPU.ActiveCfg = Debug|Any CPU
		{7668B4D4-E312-477A-B5D8-A97647655FED}.Debug|Any CPU.Build.0 = Debug|Any CPU
		{7668B4D4-E312-477A-B5D8-A97647655FED}.Release|Any CPU.ActiveCfg = Release|Any CPU
		{7668B4D4-E312-477A-B5D8-A97647655FED}.Release|Any CPU.Build.0 = Release|Any CPU
	EndGlobalSection
	GlobalSection(SolutionProperties) = preSolution
		HideSolutionNode = FALSE
	EndGlobalSection
	GlobalSection(ExtensibilityGlobals) = postSolution
		SolutionGuid = {C5A7EAEC-AA7D-4D66-8CEC-A4F3297703CB}
	EndGlobalSection
EndGlobal
