
Microsoft Visual Studio Solution File, Format Version 12.00
# Visual Studio Version 17
VisualStudioVersion = 17.2.32519.379
MinimumVisualStudioVersion = 10.0.40219.1
Project("{FAE04EC0-301F-11D3-BF4B-00C04F79EFBC}") = "Hangman", "Hangman.csproj", "{C6774766-4CC3-43F3-A966-7B506A603AD7}"
EndProject
Global
	GlobalSection(SolutionConfigurationPlatforms) = preSolution
		Debug|Any CPU = Debug|Any CPU
		Release|Any CPU = Release|Any CPU
	EndGlobalSection
	GlobalSection(ProjectConfigurationPlatforms) = postSolution
		{C6774766-4CC3-43F3-A966-7B506A603AD7}.Debug|Any CPU.ActiveCfg = Debug|Any CPU
		{C6774766-4CC3-43F3-A966-7B506A603AD7}.Debug|Any CPU.Build.0 = Debug|Any CPU
		{C6774766-4CC3-43F3-A966-7B506A603AD7}.Release|Any CPU.ActiveCfg = Release|Any CPU
		{C6774766-4CC3-43F3-A966-7B506A603AD7}.Release|Any CPU.Build.0 = Release|Any CPU
	EndGlobalSection
	GlobalSection(SolutionProperties) = preSolution
		HideSolutionNode = FALSE
	EndGlobalSection
	GlobalSection(ExtensibilityGlobals) = postSolution
		SolutionGuid = {66CAA8CC-DD81-406D-B94F-53C110EB5E28}
	EndGlobalSection
EndGlobal
